
Microsoft Visual Studio Solution File, Format Version 12.00
# Visual Studio Version 17
VisualStudioVersion = 17.7.34018.315
MinimumVisualStudioVersion = 10.0.40219.1
Project("{FAE04EC0-301F-11D3-BF4B-00C04F79EFBC}") = "ConsoleApp1", "ConsoleApp1\ConsoleApp1.csproj", "{31120967-FF08-4C4C-BEB2-C3B663CEA3B3}"
EndProject
Global
	GlobalSection(SolutionConfigurationPlatforms) = preSolution
		Debug|Any CPU = Debug|Any CPU
		Release|Any CPU = Release|Any CPU
	EndGlobalSection
	GlobalSection(ProjectConfigurationPlatforms) = postSolution
		{31120967-FF08-4C4C-BEB2-C3B663CEA3B3}.Debug|Any CPU.ActiveCfg = Debug|Any CPU
		{31120967-FF08-4C4C-BEB2-C3B663CEA3B3}.Debug|Any CPU.Build.0 = Debug|Any CPU
		{31120967-FF08-4C4C-BEB2-C3B663CEA3B3}.Release|Any CPU.ActiveCfg = Release|Any CPU
		{31120967-FF08-4C4C-BEB2-C3B663CEA3B3}.Release|Any CPU.Build.0 = Release|Any CPU
	EndGlobalSection
	GlobalSection(SolutionProperties) = preSolution
		HideSolutionNode = FALSE
	EndGlobalSection
	GlobalSection(ExtensibilityGlobals) = postSolution
		SolutionGuid = {C1BA5D46-419C-48F6-85EF-FE7693C45D25}
	EndGlobalSection
EndGlobal
